
Microsoft Visual Studio Solution File, Format Version 12.00
# Visual Studio Version 17
VisualStudioVersion = 17.0.32126.317
MinimumVisualStudioVersion = 10.0.40219.1
Project("{FAE04EC0-301F-11D3-BF4B-00C04F79EFBC}") = "Construtor_AIML", "Construtor_AIML.csproj", "{FAC141C5-304A-4B95-9BA5-9B773A74CC32}"
EndProject
Global
	GlobalSection(SolutionConfigurationPlatforms) = preSolution
		Debug|Any CPU = Debug|Any CPU
		Release|Any CPU = Release|Any CPU
	EndGlobalSection
	GlobalSection(ProjectConfigurationPlatforms) = postSolution
		{FAC141C5-304A-4B95-9BA5-9B773A74CC32}.Debug|Any CPU.ActiveCfg = Debug|Any CPU
		{FAC141C5-304A-4B95-9BA5-9B773A74CC32}.Debug|Any CPU.Build.0 = Debug|Any CPU
		{FAC141C5-304A-4B95-9BA5-9B773A74CC32}.Release|Any CPU.ActiveCfg = Release|Any CPU
		{FAC141C5-304A-4B95-9BA5-9B773A74CC32}.Release|Any CPU.Build.0 = Release|Any CPU
	EndGlobalSection
	GlobalSection(SolutionProperties) = preSolution
		HideSolutionNode = FALSE
	EndGlobalSection
	GlobalSection(ExtensibilityGlobals) = postSolution
		SolutionGuid = {CD7BEAB3-9111-45A0-A3D4-73D5C5532C23}
	EndGlobalSection
EndGlobal
